
Microsoft Visual Studio Solution File, Format Version 12.00
# Visual Studio Version 17
VisualStudioVersion = 17.0.31903.59
MinimumVisualStudioVersion = 10.0.40219.1
Project("{2150E333-8FDC-42A3-9474-1A3956D46DE8}") = "src", "src", "{827E0CD3-B72D-47B6-A68D-7590B98EB39B}"
EndProject
Project("{2150E333-8FDC-42A3-9474-1A3956D46DE8}") = "tests", "tests", "{C1D2E3F4-A5B6-C7D8-E9F0-A1B2C3D4E5F6}"
EndProject
Project("{FAE04EC0-301F-11D3-BF4B-00C04F79EFBC}") = "Talabi.Api", "src\Talabi.Api\Talabi.Api.csproj", "{5A0D4715-88C2-4060-B475-EB2EF87EC139}"
EndProject
Project("{FAE04EC0-301F-11D3-BF4B-00C04F79EFBC}") = "Talabi.Core", "src\Talabi.Core\Talabi.Core.csproj", "{02C92462-E4BA-4348-AB03-AF3EB4A5B8E5}"
EndProject
Project("{FAE04EC0-301F-11D3-BF4B-00C04F79EFBC}") = "Talabi.Infrastructure", "src\Talabi.Infrastructure\Talabi.Infrastructure.csproj", "{716C5960-DD14-468F-ACC0-549EA8B3AD52}"
EndProject
Project("{FAE04EC0-301F-11D3-BF4B-00C04F79EFBC}") = "Talabi.Api.Tests", "tests\Talabi.Api.Tests\Talabi.Api.Tests.csproj", "{A77A66FB-AFF6-42D2-BD30-D57B5A2F10FA}"
EndProject
Project("{FAE04EC0-301F-11D3-BF4B-00C04F79EFBC}") = "Talabi.Api.Tests.Penetration", "tests\Talabi.Api.Tests.Penetration\Talabi.Api.Tests.Penetration.csproj", "{B88C7F2A-9E3D-4C5F-A1B2-D4E5F6A7B8C9}"
EndProject
Project("{FAE04EC0-301F-11D3-BF4B-00C04F79EFBC}") = "Talabi.Portal", "src\Talabi.Portal\Talabi.Portal.csproj", "{E7BF135C-91D9-4D57-A9A8-80021EF757D0}"
EndProject
Project("{FAE04EC0-301F-11D3-BF4B-00C04F79EFBC}") = "TalabyGo.Web", "src\TalabyGo.Web\TalabyGo.Web.csproj", "{7976294C-F367-446F-BE45-C9F779ED6CC4}"
EndProject
Global
	GlobalSection(SolutionConfigurationPlatforms) = preSolution
		Debug|Any CPU = Debug|Any CPU
		Debug|x64 = Debug|x64
		Debug|x86 = Debug|x86
		Release|Any CPU = Release|Any CPU
		Release|x64 = Release|x64
		Release|x86 = Release|x86
	EndGlobalSection
	GlobalSection(ProjectConfigurationPlatforms) = postSolution
		{5A0D4715-88C2-4060-B475-EB2EF87EC139}.Debug|Any CPU.ActiveCfg = Debug|Any CPU
		{5A0D4715-88C2-4060-B475-EB2EF87EC139}.Debug|Any CPU.Build.0 = Debug|Any CPU
		{5A0D4715-88C2-4060-B475-EB2EF87EC139}.Debug|x64.ActiveCfg = Debug|Any CPU
		{5A0D4715-88C2-4060-B475-EB2EF87EC139}.Debug|x64.Build.0 = Debug|Any CPU
		{5A0D4715-88C2-4060-B475-EB2EF87EC139}.Debug|x86.ActiveCfg = Debug|Any CPU
		{5A0D4715-88C2-4060-B475-EB2EF87EC139}.Debug|x86.Build.0 = Debug|Any CPU
		{5A0D4715-88C2-4060-B475-EB2EF87EC139}.Release|Any CPU.ActiveCfg = Release|Any CPU
		{5A0D4715-88C2-4060-B475-EB2EF87EC139}.Release|Any CPU.Build.0 = Release|Any CPU
		{5A0D4715-88C2-4060-B475-EB2EF87EC139}.Release|x64.ActiveCfg = Release|Any CPU
		{5A0D4715-88C2-4060-B475-EB2EF87EC139}.Release|x64.Build.0 = Release|Any CPU
		{5A0D4715-88C2-4060-B475-EB2EF87EC139}.Release|x86.ActiveCfg = Release|Any CPU
		{5A0D4715-88C2-4060-B475-EB2EF87EC139}.Release|x86.Build.0 = Release|Any CPU
		{02C92462-E4BA-4348-AB03-AF3EB4A5B8E5}.Debug|Any CPU.ActiveCfg = Debug|Any CPU
		{02C92462-E4BA-4348-AB03-AF3EB4A5B8E5}.Debug|Any CPU.Build.0 = Debug|Any CPU
		{02C92462-E4BA-4348-AB03-AF3EB4A5B8E5}.Debug|x64.ActiveCfg = Debug|Any CPU
		{02C92462-E4BA-4348-AB03-AF3EB4A5B8E5}.Debug|x64.Build.0 = Debug|Any CPU
		{02C92462-E4BA-4348-AB03-AF3EB4A5B8E5}.Debug|x86.ActiveCfg = Debug|Any CPU
		{02C92462-E4BA-4348-AB03-AF3EB4A5B8E5}.Debug|x86.Build.0 = Debug|Any CPU
		{02C92462-E4BA-4348-AB03-AF3EB4A5B8E5}.Release|Any CPU.ActiveCfg = Release|Any CPU
		{02C92462-E4BA-4348-AB03-AF3EB4A5B8E5}.Release|Any CPU.Build.0 = Release|Any CPU
		{02C92462-E4BA-4348-AB03-AF3EB4A5B8E5}.Release|x64.ActiveCfg = Release|Any CPU
		{02C92462-E4BA-4348-AB03-AF3EB4A5B8E5}.Release|x64.Build.0 = Release|Any CPU
		{02C92462-E4BA-4348-AB03-AF3EB4A5B8E5}.Release|x86.ActiveCfg = Release|Any CPU
		{02C92462-E4BA-4348-AB03-AF3EB4A5B8E5}.Release|x86.Build.0 = Release|Any CPU
		{716C5960-DD14-468F-ACC0-549EA8B3AD52}.Debug|Any CPU.ActiveCfg = Debug|Any CPU
		{716C5960-DD14-468F-ACC0-549EA8B3AD52}.Debug|Any CPU.Build.0 = Debug|Any CPU
		{716C5960-DD14-468F-ACC0-549EA8B3AD52}.Debug|x64.ActiveCfg = Debug|Any CPU
		{716C5960-DD14-468F-ACC0-549EA8B3AD52}.Debug|x64.Build.0 = Debug|Any CPU
		{716C5960-DD14-468F-ACC0-549EA8B3AD52}.Debug|x86.ActiveCfg = Debug|Any CPU
		{716C5960-DD14-468F-ACC0-549EA8B3AD52}.Debug|x86.Build.0 = Debug|Any CPU
		{716C5960-DD14-468F-ACC0-549EA8B3AD52}.Release|Any CPU.ActiveCfg = Release|Any CPU
		{716C5960-DD14-468F-ACC0-549EA8B3AD52}.Release|Any CPU.Build.0 = Release|Any CPU
		{716C5960-DD14-468F-ACC0-549EA8B3AD52}.Release|x64.ActiveCfg = Release|Any CPU
		{716C5960-DD14-468F-ACC0-549EA8B3AD52}.Release|x64.Build.0 = Release|Any CPU
		{716C5960-DD14-468F-ACC0-549EA8B3AD52}.Release|x86.ActiveCfg = Release|Any CPU
		{716C5960-DD14-468F-ACC0-549EA8B3AD52}.Release|x86.Build.0 = Release|Any CPU
		{A77A66FB-AFF6-42D2-BD30-D57B5A2F10FA}.Debug|Any CPU.ActiveCfg = Debug|Any CPU
		{A77A66FB-AFF6-42D2-BD30-D57B5A2F10FA}.Debug|Any CPU.Build.0 = Debug|Any CPU
		{A77A66FB-AFF6-42D2-BD30-D57B5A2F10FA}.Debug|x64.ActiveCfg = Debug|Any CPU
		{A77A66FB-AFF6-42D2-BD30-D57B5A2F10FA}.Debug|x64.Build.0 = Debug|Any CPU
		{A77A66FB-AFF6-42D2-BD30-D57B5A2F10FA}.Debug|x86.ActiveCfg = Debug|Any CPU
		{A77A66FB-AFF6-42D2-BD30-D57B5A2F10FA}.Debug|x86.Build.0 = Debug|Any CPU
		{A77A66FB-AFF6-42D2-BD30-D57B5A2F10FA}.Release|Any CPU.ActiveCfg = Release|Any CPU
		{A77A66FB-AFF6-42D2-BD30-D57B5A2F10FA}.Release|Any CPU.Build.0 = Release|Any CPU
		{A77A66FB-AFF6-42D2-BD30-D57B5A2F10FA}.Release|x64.ActiveCfg = Release|Any CPU
		{A77A66FB-AFF6-42D2-BD30-D57B5A2F10FA}.Release|x64.Build.0 = Release|Any CPU
		{A77A66FB-AFF6-42D2-BD30-D57B5A2F10FA}.Release|x86.ActiveCfg = Release|Any CPU
		{A77A66FB-AFF6-42D2-BD30-D57B5A2F10FA}.Release|x86.Build.0 = Release|Any CPU
		{B88C7F2A-9E3D-4C5F-A1B2-D4E5F6A7B8C9}.Debug|Any CPU.ActiveCfg = Debug|Any CPU
		{B88C7F2A-9E3D-4C5F-A1B2-D4E5F6A7B8C9}.Debug|Any CPU.Build.0 = Debug|Any CPU
		{B88C7F2A-9E3D-4C5F-A1B2-D4E5F6A7B8C9}.Debug|x64.ActiveCfg = Debug|Any CPU
		{B88C7F2A-9E3D-4C5F-A1B2-D4E5F6A7B8C9}.Debug|x64.Build.0 = Debug|Any CPU
		{B88C7F2A-9E3D-4C5F-A1B2-D4E5F6A7B8C9}.Debug|x86.ActiveCfg = Debug|Any CPU
		{B88C7F2A-9E3D-4C5F-A1B2-D4E5F6A7B8C9}.Debug|x86.Build.0 = Debug|Any CPU
		{B88C7F2A-9E3D-4C5F-A1B2-D4E5F6A7B8C9}.Release|Any CPU.ActiveCfg = Release|Any CPU
		{B88C7F2A-9E3D-4C5F-A1B2-D4E5F6A7B8C9}.Release|Any CPU.Build.0 = Release|Any CPU
		{B88C7F2A-9E3D-4C5F-A1B2-D4E5F6A7B8C9}.Release|x64.ActiveCfg = Release|Any CPU
		{B88C7F2A-9E3D-4C5F-A1B2-D4E5F6A7B8C9}.Release|x64.Build.0 = Release|Any CPU
		{B88C7F2A-9E3D-4C5F-A1B2-D4E5F6A7B8C9}.Release|x86.ActiveCfg = Release|Any CPU
		{B88C7F2A-9E3D-4C5F-A1B2-D4E5F6A7B8C9}.Release|x86.Build.0 = Release|Any CPU
		{E7BF135C-91D9-4D57-A9A8-80021EF757D0}.Debug|Any CPU.ActiveCfg = Debug|Any CPU
		{E7BF135C-91D9-4D57-A9A8-80021EF757D0}.Debug|Any CPU.Build.0 = Debug|Any CPU
		{E7BF135C-91D9-4D57-A9A8-80021EF757D0}.Debug|x64.ActiveCfg = Debug|Any CPU
		{E7BF135C-91D9-4D57-A9A8-80021EF757D0}.Debug|x64.Build.0 = Debug|Any CPU
		{E7BF135C-91D9-4D57-A9A8-80021EF757D0}.Debug|x86.ActiveCfg = Debug|Any CPU
		{E7BF135C-91D9-4D57-A9A8-80021EF757D0}.Debug|x86.Build.0 = Debug|Any CPU
		{E7BF135C-91D9-4D57-A9A8-80021EF757D0}.Release|Any CPU.ActiveCfg = Release|Any CPU
		{E7BF135C-91D9-4D57-A9A8-80021EF757D0}.Release|Any CPU.Build.0 = Release|Any CPU
		{E7BF135C-91D9-4D57-A9A8-80021EF757D0}.Release|x64.ActiveCfg = Release|Any CPU
		{E7BF135C-91D9-4D57-A9A8-80021EF757D0}.Release|x64.Build.0 = Release|Any CPU
		{E7BF135C-91D9-4D57-A9A8-80021EF757D0}.Release|x86.ActiveCfg = Release|Any CPU
		{E7BF135C-91D9-4D57-A9A8-80021EF757D0}.Release|x86.Build.0 = Release|Any CPU
		{7976294C-F367-446F-BE45-C9F779ED6CC4}.Debug|Any CPU.ActiveCfg = Debug|Any CPU
		{7976294C-F367-446F-BE45-C9F779ED6CC4}.Debug|Any CPU.Build.0 = Debug|Any CPU
		{7976294C-F367-446F-BE45-C9F779ED6CC4}.Debug|x64.ActiveCfg = Debug|Any CPU
		{7976294C-F367-446F-BE45-C9F779ED6CC4}.Debug|x64.Build.0 = Debug|Any CPU
		{7976294C-F367-446F-BE45-C9F779ED6CC4}.Debug|x86.ActiveCfg = Debug|Any CPU
		{7976294C-F367-446F-BE45-C9F779ED6CC4}.Debug|x86.Build.0 = Debug|Any CPU
		{7976294C-F367-446F-BE45-C9F779ED6CC4}.Release|Any CPU.ActiveCfg = Release|Any CPU
		{7976294C-F367-446F-BE45-C9F779ED6CC4}.Release|Any CPU.Build.0 = Release|Any CPU
		{7976294C-F367-446F-BE45-C9F779ED6CC4}.Release|x64.ActiveCfg = Release|Any CPU
		{7976294C-F367-446F-BE45-C9F779ED6CC4}.Release|x64.Build.0 = Release|Any CPU
		{7976294C-F367-446F-BE45-C9F779ED6CC4}.Release|x86.ActiveCfg = Release|Any CPU
		{7976294C-F367-446F-BE45-C9F779ED6CC4}.Release|x86.Build.0 = Release|Any CPU
	EndGlobalSection
	GlobalSection(SolutionProperties) = preSolution
		HideSolutionNode = FALSE
	EndGlobalSection
	GlobalSection(NestedProjects) = preSolution
		{5A0D4715-88C2-4060-B475-EB2EF87EC139} = {827E0CD3-B72D-47B6-A68D-7590B98EB39B}
		{02C92462-E4BA-4348-AB03-AF3EB4A5B8E5} = {827E0CD3-B72D-47B6-A68D-7590B98EB39B}
		{716C5960-DD14-468F-ACC0-549EA8B3AD52} = {827E0CD3-B72D-47B6-A68D-7590B98EB39B}
		{A77A66FB-AFF6-42D2-BD30-D57B5A2F10FA} = {C1D2E3F4-A5B6-C7D8-E9F0-A1B2C3D4E5F6}
		{B88C7F2A-9E3D-4C5F-A1B2-D4E5F6A7B8C9} = {C1D2E3F4-A5B6-C7D8-E9F0-A1B2C3D4E5F6}
		{E7BF135C-91D9-4D57-A9A8-80021EF757D0} = {827E0CD3-B72D-47B6-A68D-7590B98EB39B}
		{7976294C-F367-446F-BE45-C9F779ED6CC4} = {827E0CD3-B72D-47B6-A68D-7590B98EB39B}
	EndGlobalSection
EndGlobal
